<?xml version="1.0" encoding="UTF-8" standalone="yes" ?>
<CodeBlocks_project_file>
	<FileVersion major="1" minor="6" />
	<Project>
		<Option title="Beta" />
		<Option pch_mode="2" />
		<Option compiler="gcc" />
		<Build>
			<Target title="Debug">
				<Option output="bin/Debug/Beta" prefix_auto="1" extension_auto="1" />
				<Option object_output="obj/Debug/" />
				<Option type="1" />
				<Option compiler="gcc" />
				<Compiler>
					<Add option="-Wfatal-errors" />
					<Add option="-g" />
					<Add directory="include/Graphics/Wrapper" />
					<Add directory="include/Graphics" />
					<Add directory="include/Game" />
					<Add directory="include/Control" />
					<Add directory="include/Universe" />
					<Add directory="include/Overlay" />
					<Add directory="include/IO" />
					<Add directory="include/Physics" />
					<Add directory="include/Network" />
					<Add directory="include/Universe/Modules" />
					<Add directory="include/Universe/Chunk" />
					<Add directory="include/Universe/Utility" />
					<Add directory="include/Graphics/Utility" />
					<Add directory="include/Basic" />
					<Add directory="include/Universe/Module" />
					<Add directory="include/Universe/ShipModule" />
					<Add directory="include/Universe/ShipModules" />
				</Compiler>
				<Linker>
					<Add library="lib\box2d_debug\libBox2D.dll.a" />
					<Add library="lib\jsoncpp_debug\libjsoncpp.dll.a" />
					<Add library="lib\sfml_debug\libsfml-audio-d.a" />
					<Add library="lib\sfml_debug\libsfml-graphics-d.a" />
					<Add library="lib\sfml_debug\libsfml-network-d.a" />
					<Add library="lib\sfml_debug\libsfml-system-d.a" />
					<Add library="lib\sfml_debug\libsfml-window-d.a" />
					<Add library="lib\tgui_debug\libtgui-d.a" />
				</Linker>
			</Target>
			<Target title="Release">
				<Option output="bin/Release/Alpha" prefix_auto="1" extension_auto="1" />
				<Option object_output="obj/Release/" />
				<Option type="1" />
				<Option compiler="gcc" />
				<Compiler>
					<Add option="-O" />
					<Add directory="include/Graphics/Wrapper" />
					<Add directory="include/Graphics" />
					<Add directory="include/Game" />
					<Add directory="include/Control" />
					<Add directory="include/Universe" />
					<Add directory="include/Overlay" />
					<Add directory="include/IO" />
					<Add directory="include/Physics" />
					<Add directory="include/Network" />
					<Add directory="include/Universe/Modules" />
					<Add directory="include/Universe/Chunk" />
					<Add directory="include/Universe/Utility" />
					<Add directory="include/Graphics/Utility" />
					<Add directory="include/Basic" />
					<Add directory="include/Universe/Module" />
					<Add directory="include/Universe/ShipModule" />
					<Add directory="include/Universe/ShipModules" />
				</Compiler>
				<Linker>
					<Add library="lib\box2d_release\libBox2D.dll.a" />
					<Add library="lib\jsoncpp_release\libjsoncpp.dll.a" />
					<Add library="lib\sfml_release\libsfml-audio.a" />
					<Add library="lib\sfml_release\libsfml-graphics.a" />
					<Add library="lib\sfml_release\libsfml-network.a" />
					<Add library="lib\sfml_release\libsfml-system.a" />
					<Add library="lib\sfml_release\libsfml-window.a" />
					<Add library="lib\tgui_release\libtgui.a" />
				</Linker>
			</Target>
		</Build>
		<Compiler>
			<Add option="-std=c++11" />
			<Add option="-Wuninitialized" />
			<Add directory="include/API" />
			<Add directory="include/API/JSON" />
			<Add directory="include/Basic" />
			<Add directory="include/Control" />
			<Add directory="include/Game" />
			<Add directory="include/Graphics" />
			<Add directory="include/Gui" />
			<Add directory="include/Headers" />
			<Add directory="include/IO" />
			<Add directory="include/IO/Variable" />
			<Add directory="include/Physics" />
			<Add directory="include/Universe" />
			<Add directory="include/Universe/Chunk" />
			<Add directory="include/Universe/Module" />
			<Add directory="include/Universe/ShipModule" />
			<Add directory="include/Universe/Utility" />
			<Add directory="include/Universe/Weapon" />
			<Add directory="include/Graphics/Utility" />
		</Compiler>
		<Unit filename="include/Basic/Health.hpp" />
		<Unit filename="include/Basic/LaserWeapon.hpp" />
		<Unit filename="include/Basic/Link.hpp" />
		<Unit filename="include/Basic/Pool.hpp" />
		<Unit filename="include/Basic/Timer.hpp" />
		<Unit filename="include/Basic/Weapon.hpp" />
		<Unit filename="include/Control/Camera.hpp" />
		<Unit filename="include/Control/Input.hpp" />
		<Unit filename="include/Control/Intelligence.hpp" />
		<Unit filename="include/Control/Player.hpp" />
		<Unit filename="include/Control/SlaveLocator.hpp" />
		<Unit filename="include/Game/Game.hpp" />
		<Unit filename="include/Graphics/Animator.hpp" />
		<Unit filename="include/Graphics/Beam.hpp" />
		<Unit filename="include/Graphics/DecorQuad.hpp" />
		<Unit filename="include/Graphics/Decoration.hpp" />
		<Unit filename="include/Graphics/GraphicsComponent.hpp" />
		<Unit filename="include/Graphics/LinearMeter.hpp" />
		<Unit filename="include/Graphics/QuadComponent.hpp" />
		<Unit filename="include/Graphics/Spinner.hpp" />
		<Unit filename="include/Graphics/Utility/AnimAlloc.hpp" />
		<Unit filename="include/Graphics/Utility/Animation.hpp" />
		<Unit filename="include/Graphics/Utility/BatchLayers.hpp" />
		<Unit filename="include/Graphics/Utility/GraphicsComponentUpdater.hpp" />
		<Unit filename="include/Graphics/Utility/GraphicsLayer.hpp" />
		<Unit filename="include/Graphics/Utility/QuadBatchContainer.hpp" />
		<Unit filename="include/Graphics/Utility/TextureAllocator.hpp" />
		<Unit filename="include/Headers/Convert.hpp" />
		<Unit filename="include/Headers/Globals.hpp" />
		<Unit filename="include/Headers/Rotation.hpp" />
		<Unit filename="include/Headers/stdafx.hpp" />
		<Unit filename="include/IO/Condition.hpp" />
		<Unit filename="include/IO/Courier.hpp" />
		<Unit filename="include/IO/EventTypes.hpp" />
		<Unit filename="include/IO/Eventer.hpp" />
		<Unit filename="include/IO/IOComponent.hpp" />
		<Unit filename="include/IO/IOManager.hpp" />
		<Unit filename="include/IO/Message.hpp" />
		<Unit filename="include/Network/NetworkBoss.hpp" />
		<Unit filename="include/Network/NetworkComponent.hpp" />
		<Unit filename="include/Overlay/Button.hpp" />
		<Unit filename="include/Overlay/EditBox.hpp" />
		<Unit filename="include/Overlay/Overlay.hpp" />
		<Unit filename="include/Overlay/Panel.hpp" />
		<Unit filename="include/Overlay/Picture.hpp" />
		<Unit filename="include/Overlay/WidgetBase.hpp" />
		<Unit filename="include/Physics/BodyComponent.hpp" />
		<Unit filename="include/Physics/FixtureComponent.hpp" />
		<Unit filename="include/Universe/Chunk/Chunk.hpp" />
		<Unit filename="include/Universe/Module/Module.hpp" />
		<Unit filename="include/Universe/Module/Sensor.hpp" />
		<Unit filename="include/Universe/Module/ShipModule.hpp" />
		<Unit filename="include/Universe/ShipModule/Capacitor.hpp" />
		<Unit filename="include/Universe/ShipModule/LaserTurret.hpp" />
		<Unit filename="include/Universe/ShipModule/Plating.hpp" />
		<Unit filename="include/Universe/ShipModule/Radar.hpp" />
		<Unit filename="include/Universe/ShipModule/Reactor.hpp" />
		<Unit filename="include/Universe/ShipModule/Thruster.hpp" />
		<Unit filename="include/Universe/ShipModule/Turret.hpp" />
		<Unit filename="include/Universe/Universe.hpp" />
		<Unit filename="include/Universe/Utility/BlueprintLoader.hpp" />
		<Unit filename="include/Universe/Utility/DebugDraw.hpp" />
		<Unit filename="include/Universe/Utility/GameObject.hpp" />
		<Unit filename="include/Universe/Utility/RayCastCallback.hpp" />
		<Unit filename="include/Universe/Utility/UniversalContactListener.hpp" />
		<Unit filename="main.cpp" />
		<Unit filename="src/Basic/Health.cpp" />
		<Unit filename="src/Basic/LaserWeapon.cpp" />
		<Unit filename="src/Basic/Link.cpp" />
		<Unit filename="src/Basic/Pool.cpp" />
		<Unit filename="src/Basic/Timer.cpp" />
		<Unit filename="src/Basic/Weapon.cpp" />
		<Unit filename="src/Control/Camera.cpp" />
		<Unit filename="src/Control/Input.cpp" />
		<Unit filename="src/Control/Intelligence.cpp" />
		<Unit filename="src/Control/Player.cpp" />
		<Unit filename="src/Control/SlaveLocator.cpp" />
		<Unit filename="src/Game/Game.cpp" />
		<Unit filename="src/Graphics/Animator.cpp" />
		<Unit filename="src/Graphics/Beam.cpp" />
		<Unit filename="src/Graphics/DecorQuad.cpp" />
		<Unit filename="src/Graphics/Decoration.cpp" />
		<Unit filename="src/Graphics/GraphicsComponent.cpp" />
		<Unit filename="src/Graphics/GraphicsLayer.cpp" />
		<Unit filename="src/Graphics/LinearMeter.cpp" />
		<Unit filename="src/Graphics/QuadComponent.cpp" />
		<Unit filename="src/Graphics/Spinner.cpp" />
		<Unit filename="src/Graphics/Utility/AnimAlloc.cpp" />
		<Unit filename="src/Graphics/Utility/BatchLayers.cpp" />
		<Unit filename="src/Graphics/Utility/GraphicsComponentUpdater.cpp" />
		<Unit filename="src/Graphics/Utility/QuadBatchContainer.cpp" />
		<Unit filename="src/Graphics/Utility/TextureAllocator.cpp" />
		<Unit filename="src/IO/Condition.cpp" />
		<Unit filename="src/IO/EventTypes.cpp" />
		<Unit filename="src/IO/Eventer.cpp" />
		<Unit filename="src/IO/IOComponent.cpp" />
		<Unit filename="src/IO/IOManager.cpp" />
		<Unit filename="src/IO/Message.cpp" />
		<Unit filename="src/Network/NetworkBoss.cpp" />
		<Unit filename="src/Network/NetworkComponent.cpp" />
		<Unit filename="src/Overlay/Button.cpp" />
		<Unit filename="src/Overlay/EditBox.cpp" />
		<Unit filename="src/Overlay/Overlay.cpp" />
		<Unit filename="src/Overlay/Panel.cpp" />
		<Unit filename="src/Overlay/Picture.cpp" />
		<Unit filename="src/Overlay/WidgetBase.cpp" />
		<Unit filename="src/Physics/BodyComponent.cpp" />
		<Unit filename="src/Physics/FixtureComponent.cpp" />
		<Unit filename="src/Universe/Chunk/Chunk.cpp" />
		<Unit filename="src/Universe/Module/Module.cpp" />
		<Unit filename="src/Universe/Module/Sensor.cpp" />
		<Unit filename="src/Universe/Module/ShipModule.cpp" />
		<Unit filename="src/Universe/ShipModule/Capacitor.cpp" />
		<Unit filename="src/Universe/ShipModule/LaserTurret.cpp" />
		<Unit filename="src/Universe/ShipModule/Plating.cpp" />
		<Unit filename="src/Universe/ShipModule/Radar.cpp" />
		<Unit filename="src/Universe/ShipModule/Reactor.cpp" />
		<Unit filename="src/Universe/ShipModule/Thruster.cpp" />
		<Unit filename="src/Universe/ShipModule/Turret.cpp" />
		<Unit filename="src/Universe/Universe.cpp" />
		<Unit filename="src/Universe/Utility/BlueprintLoader.cpp" />
		<Unit filename="src/Universe/Utility/DebugDraw.cpp" />
		<Unit filename="src/Universe/Utility/GameObject.cpp" />
		<Unit filename="src/Universe/Utility/RayCastCallback.cpp" />
		<Unit filename="src/Universe/Utility/UniversalContactListener.cpp" />
		<Extensions>
			<code_completion />
			<envvars />
			<debugger />
			<lib_finder disable_auto="1" />
		</Extensions>
	</Project>
</CodeBlocks_project_file>
